
Microsoft Visual Studio Solution File, Format Version 12.00
# Visual Studio Version 16
VisualStudioVersion = 16.0.29519.87
MinimumVisualStudioVersion = 10.0.40219.1
Project("{8BC9CEB8-8B4A-11D0-8D11-00A0C91BC942}") = "OpenGLTest", "OpenGLTest\OpenGLTest.vcxproj", "{266C35E0-EE11-4009-BF90-69FA9C0F51D6}"
EndProject
Global
	GlobalSection(SolutionConfigurationPlatforms) = preSolution
		Debug|x64 = Debug|x64
		Release|x64 = Release|x64
	EndGlobalSection
	GlobalSection(ProjectConfigurationPlatforms) = postSolution
		{266C35E0-EE11-4009-BF90-69FA9C0F51D6}.Debug|x64.ActiveCfg = Debug|x64
		{266C35E0-EE11-4009-BF90-69FA9C0F51D6}.Debug|x64.Build.0 = Debug|x64
		{266C35E0-EE11-4009-BF90-69FA9C0F51D6}.Release|x64.ActiveCfg = Release|x64
		{266C35E0-EE11-4009-BF90-69FA9C0F51D6}.Release|x64.Build.0 = Release|x64
	EndGlobalSection
	GlobalSection(SolutionProperties) = preSolution
		HideSolutionNode = FALSE
	EndGlobalSection
	GlobalSection(ExtensibilityGlobals) = postSolution
		SolutionGuid = {06EE082B-4CDE-4A56-9CB4-F11CD3B8E5CE}
	EndGlobalSection
EndGlobal
